
Microsoft Visual Studio Solution File, Format Version 12.00
# Visual Studio Version 17
VisualStudioVersion = 17.13.35828.75 d17.13
MinimumVisualStudioVersion = 10.0.40219.1
Project("{FAE04EC0-301F-11D3-BF4B-00C04F79EFBC}") = "DevCreedApi", "DevCreedApi.csproj", "{7ECD3BB4-AF2F-4AED-80D9-AC15E0B33CF5}"
EndProject
Global
	GlobalSection(SolutionConfigurationPlatforms) = preSolution
		Debug|Any CPU = Debug|Any CPU
		Release|Any CPU = Release|Any CPU
	EndGlobalSection
	GlobalSection(ProjectConfigurationPlatforms) = postSolution
		{7ECD3BB4-AF2F-4AED-80D9-AC15E0B33CF5}.Debug|Any CPU.ActiveCfg = Debug|Any CPU
		{7ECD3BB4-AF2F-4AED-80D9-AC15E0B33CF5}.Debug|Any CPU.Build.0 = Debug|Any CPU
		{7ECD3BB4-AF2F-4AED-80D9-AC15E0B33CF5}.Release|Any CPU.ActiveCfg = Release|Any CPU
		{7ECD3BB4-AF2F-4AED-80D9-AC15E0B33CF5}.Release|Any CPU.Build.0 = Release|Any CPU
	EndGlobalSection
	GlobalSection(SolutionProperties) = preSolution
		HideSolutionNode = FALSE
	EndGlobalSection
	GlobalSection(ExtensibilityGlobals) = postSolution
		SolutionGuid = {63DEC1DF-9598-4C45-B4DA-A493C1A4FE0F}
	EndGlobalSection
EndGlobal
